
Microsoft Visual Studio Solution File, Format Version 12.00
# Visual Studio 15
VisualStudioVersion = 15.0.27130.2010
MinimumVisualStudioVersion = 10.0.40219.1
Project("{FAE04EC0-301F-11D3-BF4B-00C04F79EFBC}") = "WpfDemo", "WpfDemo.csproj", "{0FBB0A60-DB91-4BBB-92BF-8CAA68D5BBEF}"
EndProject
Global
	GlobalSection(SolutionConfigurationPlatforms) = preSolution
		Debug|Any CPU = Debug|Any CPU
		Release|Any CPU = Release|Any CPU
	EndGlobalSection
	GlobalSection(ProjectConfigurationPlatforms) = postSolution
		{0FBB0A60-DB91-4BBB-92BF-8CAA68D5BBEF}.Debug|Any CPU.ActiveCfg = Debug|Any CPU
		{0FBB0A60-DB91-4BBB-92BF-8CAA68D5BBEF}.Debug|Any CPU.Build.0 = Debug|Any CPU
		{0FBB0A60-DB91-4BBB-92BF-8CAA68D5BBEF}.Release|Any CPU.ActiveCfg = Release|Any CPU
		{0FBB0A60-DB91-4BBB-92BF-8CAA68D5BBEF}.Release|Any CPU.Build.0 = Release|Any CPU
	EndGlobalSection
	GlobalSection(SolutionProperties) = preSolution
		HideSolutionNode = FALSE
	EndGlobalSection
	GlobalSection(ExtensibilityGlobals) = postSolution
		SolutionGuid = {76FC3B04-2A74-448E-9BFC-C82DF5EF7FD4}
	EndGlobalSection
EndGlobal
